
Microsoft Visual Studio Solution File, Format Version 12.00
# Visual Studio Version 17
VisualStudioVersion = 17.5.33516.290
MinimumVisualStudioVersion = 10.0.40219.1
Project("{FAE04EC0-301F-11D3-BF4B-00C04F79EFBC}") = "T5_Keskiarvo", "T5_Keskiarvo.csproj", "{CE2E03A8-87CE-43B9-8C9E-0CF3ACAD38C6}"
EndProject
Global
	GlobalSection(SolutionConfigurationPlatforms) = preSolution
		Debug|Any CPU = Debug|Any CPU
		Release|Any CPU = Release|Any CPU
	EndGlobalSection
	GlobalSection(ProjectConfigurationPlatforms) = postSolution
		{CE2E03A8-87CE-43B9-8C9E-0CF3ACAD38C6}.Debug|Any CPU.ActiveCfg = Debug|Any CPU
		{CE2E03A8-87CE-43B9-8C9E-0CF3ACAD38C6}.Debug|Any CPU.Build.0 = Debug|Any CPU
		{CE2E03A8-87CE-43B9-8C9E-0CF3ACAD38C6}.Release|Any CPU.ActiveCfg = Release|Any CPU
		{CE2E03A8-87CE-43B9-8C9E-0CF3ACAD38C6}.Release|Any CPU.Build.0 = Release|Any CPU
	EndGlobalSection
	GlobalSection(SolutionProperties) = preSolution
		HideSolutionNode = FALSE
	EndGlobalSection
	GlobalSection(ExtensibilityGlobals) = postSolution
		SolutionGuid = {46FAD4F6-8EFF-42F7-B267-C9852D7755D3}
	EndGlobalSection
EndGlobal
