
Microsoft Visual Studio Solution File, Format Version 12.00
# Visual Studio Version 17
VisualStudioVersion = 17.5.33516.290
MinimumVisualStudioVersion = 10.0.40219.1
Project("{FAE04EC0-301F-11D3-BF4B-00C04F79EFBC}") = "T6_Kolmion-PintaAla", "T6_Kolmion-PintaAla.csproj", "{14DE9439-5E31-4D2A-B8EC-0B739254C000}"
EndProject
Global
	GlobalSection(SolutionConfigurationPlatforms) = preSolution
		Debug|Any CPU = Debug|Any CPU
		Release|Any CPU = Release|Any CPU
	EndGlobalSection
	GlobalSection(ProjectConfigurationPlatforms) = postSolution
		{14DE9439-5E31-4D2A-B8EC-0B739254C000}.Debug|Any CPU.ActiveCfg = Debug|Any CPU
		{14DE9439-5E31-4D2A-B8EC-0B739254C000}.Debug|Any CPU.Build.0 = Debug|Any CPU
		{14DE9439-5E31-4D2A-B8EC-0B739254C000}.Release|Any CPU.ActiveCfg = Release|Any CPU
		{14DE9439-5E31-4D2A-B8EC-0B739254C000}.Release|Any CPU.Build.0 = Release|Any CPU
	EndGlobalSection
	GlobalSection(SolutionProperties) = preSolution
		HideSolutionNode = FALSE
	EndGlobalSection
	GlobalSection(ExtensibilityGlobals) = postSolution
		SolutionGuid = {67E9EE21-367E-458A-B820-54D8ABD4C9FF}
	EndGlobalSection
EndGlobal
