
Microsoft Visual Studio Solution File, Format Version 12.00
# Visual Studio Version 17
VisualStudioVersion = 17.3.32929.385
MinimumVisualStudioVersion = 10.0.40219.1
Project("{FAE04EC0-301F-11D3-BF4B-00C04F79EFBC}") = "HelloForm", "HelloForm.csproj", "{0C0912CB-F49B-4FDA-AB97-4AC98DE95462}"
EndProject
Global
	GlobalSection(SolutionConfigurationPlatforms) = preSolution
		Debug|Any CPU = Debug|Any CPU
		Release|Any CPU = Release|Any CPU
	EndGlobalSection
	GlobalSection(ProjectConfigurationPlatforms) = postSolution
		{0C0912CB-F49B-4FDA-AB97-4AC98DE95462}.Debug|Any CPU.ActiveCfg = Debug|Any CPU
		{0C0912CB-F49B-4FDA-AB97-4AC98DE95462}.Debug|Any CPU.Build.0 = Debug|Any CPU
		{0C0912CB-F49B-4FDA-AB97-4AC98DE95462}.Release|Any CPU.ActiveCfg = Release|Any CPU
		{0C0912CB-F49B-4FDA-AB97-4AC98DE95462}.Release|Any CPU.Build.0 = Release|Any CPU
	EndGlobalSection
	GlobalSection(SolutionProperties) = preSolution
		HideSolutionNode = FALSE
	EndGlobalSection
	GlobalSection(ExtensibilityGlobals) = postSolution
		SolutionGuid = {5260D878-DF34-482F-8B61-859504C1EC0A}
	EndGlobalSection
EndGlobal
