
Microsoft Visual Studio Solution File, Format Version 12.00
# Visual Studio Version 17
VisualStudioVersion = 17.5.33530.505
MinimumVisualStudioVersion = 10.0.40219.1
Project("{FAE04EC0-301F-11D3-BF4B-00C04F79EFBC}") = "Classes_LengthConverter", "Classes_LengthConverter.csproj", "{B39DBFE1-AE9B-4397-9063-F1CE8B7292DA}"
EndProject
Global
	GlobalSection(SolutionConfigurationPlatforms) = preSolution
		Debug|Any CPU = Debug|Any CPU
		Release|Any CPU = Release|Any CPU
	EndGlobalSection
	GlobalSection(ProjectConfigurationPlatforms) = postSolution
		{B39DBFE1-AE9B-4397-9063-F1CE8B7292DA}.Debug|Any CPU.ActiveCfg = Debug|Any CPU
		{B39DBFE1-AE9B-4397-9063-F1CE8B7292DA}.Debug|Any CPU.Build.0 = Debug|Any CPU
		{B39DBFE1-AE9B-4397-9063-F1CE8B7292DA}.Release|Any CPU.ActiveCfg = Release|Any CPU
		{B39DBFE1-AE9B-4397-9063-F1CE8B7292DA}.Release|Any CPU.Build.0 = Release|Any CPU
	EndGlobalSection
	GlobalSection(SolutionProperties) = preSolution
		HideSolutionNode = FALSE
	EndGlobalSection
	GlobalSection(ExtensibilityGlobals) = postSolution
		SolutionGuid = {E1AEB289-4CC7-49DA-9E57-965532EE8E7D}
	EndGlobalSection
EndGlobal
