
Microsoft Visual Studio Solution File, Format Version 12.00
# Visual Studio Version 17
VisualStudioVersion = 17.3.32929.385
MinimumVisualStudioVersion = 10.0.40219.1
Project("{FAE04EC0-301F-11D3-BF4B-00C04F79EFBC}") = "ComputerRegister_console", "ComputerRegister_console.csproj", "{29D4FAB0-3187-49D4-B162-4D108749BABE}"
EndProject
Global
	GlobalSection(SolutionConfigurationPlatforms) = preSolution
		Debug|Any CPU = Debug|Any CPU
		Release|Any CPU = Release|Any CPU
	EndGlobalSection
	GlobalSection(ProjectConfigurationPlatforms) = postSolution
		{29D4FAB0-3187-49D4-B162-4D108749BABE}.Debug|Any CPU.ActiveCfg = Debug|Any CPU
		{29D4FAB0-3187-49D4-B162-4D108749BABE}.Debug|Any CPU.Build.0 = Debug|Any CPU
		{29D4FAB0-3187-49D4-B162-4D108749BABE}.Release|Any CPU.ActiveCfg = Release|Any CPU
		{29D4FAB0-3187-49D4-B162-4D108749BABE}.Release|Any CPU.Build.0 = Release|Any CPU
	EndGlobalSection
	GlobalSection(SolutionProperties) = preSolution
		HideSolutionNode = FALSE
	EndGlobalSection
	GlobalSection(ExtensibilityGlobals) = postSolution
		SolutionGuid = {A5D96D46-0008-40C4-B562-6EB2E58685A9}
	EndGlobalSection
EndGlobal
