
Microsoft Visual Studio Solution File, Format Version 12.00
# Visual Studio Version 17
VisualStudioVersion = 17.5.33516.290
MinimumVisualStudioVersion = 10.0.40219.1
Project("{FAE04EC0-301F-11D3-BF4B-00C04F79EFBC}") = "DataStructures", "DataStructures.csproj", "{AB09E776-221D-42A5-8B34-F097A6F2A3FF}"
EndProject
Global
	GlobalSection(SolutionConfigurationPlatforms) = preSolution
		Debug|Any CPU = Debug|Any CPU
		Release|Any CPU = Release|Any CPU
	EndGlobalSection
	GlobalSection(ProjectConfigurationPlatforms) = postSolution
		{AB09E776-221D-42A5-8B34-F097A6F2A3FF}.Debug|Any CPU.ActiveCfg = Debug|Any CPU
		{AB09E776-221D-42A5-8B34-F097A6F2A3FF}.Debug|Any CPU.Build.0 = Debug|Any CPU
		{AB09E776-221D-42A5-8B34-F097A6F2A3FF}.Release|Any CPU.ActiveCfg = Release|Any CPU
		{AB09E776-221D-42A5-8B34-F097A6F2A3FF}.Release|Any CPU.Build.0 = Release|Any CPU
	EndGlobalSection
	GlobalSection(SolutionProperties) = preSolution
		HideSolutionNode = FALSE
	EndGlobalSection
	GlobalSection(ExtensibilityGlobals) = postSolution
		SolutionGuid = {61412ED8-7FE6-4F73-BF85-6EEC2AD7B1FA}
	EndGlobalSection
EndGlobal
