
Microsoft Visual Studio Solution File, Format Version 12.00
# Visual Studio Version 17
VisualStudioVersion = 17.5.33516.290
MinimumVisualStudioVersion = 10.0.40219.1
Project("{FAE04EC0-301F-11D3-BF4B-00C04F79EFBC}") = "T19_TemperatureConverter", "T19_TemperatureConverter.csproj", "{E77DBD19-3DBD-4C59-9280-8E5182FB07FE}"
EndProject
Global
	GlobalSection(SolutionConfigurationPlatforms) = preSolution
		Debug|Any CPU = Debug|Any CPU
		Release|Any CPU = Release|Any CPU
	EndGlobalSection
	GlobalSection(ProjectConfigurationPlatforms) = postSolution
		{E77DBD19-3DBD-4C59-9280-8E5182FB07FE}.Debug|Any CPU.ActiveCfg = Debug|Any CPU
		{E77DBD19-3DBD-4C59-9280-8E5182FB07FE}.Debug|Any CPU.Build.0 = Debug|Any CPU
		{E77DBD19-3DBD-4C59-9280-8E5182FB07FE}.Release|Any CPU.ActiveCfg = Release|Any CPU
		{E77DBD19-3DBD-4C59-9280-8E5182FB07FE}.Release|Any CPU.Build.0 = Release|Any CPU
	EndGlobalSection
	GlobalSection(SolutionProperties) = preSolution
		HideSolutionNode = FALSE
	EndGlobalSection
	GlobalSection(ExtensibilityGlobals) = postSolution
		SolutionGuid = {53EBDE22-7116-470E-AD24-2E035EAA03BF}
	EndGlobalSection
EndGlobal
