
Microsoft Visual Studio Solution File, Format Version 12.00
# Visual Studio Version 17
VisualStudioVersion = 17.5.33530.505
MinimumVisualStudioVersion = 10.0.40219.1
Project("{FAE04EC0-301F-11D3-BF4B-00C04F79EFBC}") = "DataStructures_TemperatureMonitior", "DataStructures_TemperatureMonitior.csproj", "{CFC0E312-9277-4CB7-8259-B9FDBADD8D52}"
EndProject
Global
	GlobalSection(SolutionConfigurationPlatforms) = preSolution
		Debug|Any CPU = Debug|Any CPU
		Release|Any CPU = Release|Any CPU
	EndGlobalSection
	GlobalSection(ProjectConfigurationPlatforms) = postSolution
		{CFC0E312-9277-4CB7-8259-B9FDBADD8D52}.Debug|Any CPU.ActiveCfg = Debug|Any CPU
		{CFC0E312-9277-4CB7-8259-B9FDBADD8D52}.Debug|Any CPU.Build.0 = Debug|Any CPU
		{CFC0E312-9277-4CB7-8259-B9FDBADD8D52}.Release|Any CPU.ActiveCfg = Release|Any CPU
		{CFC0E312-9277-4CB7-8259-B9FDBADD8D52}.Release|Any CPU.Build.0 = Release|Any CPU
	EndGlobalSection
	GlobalSection(SolutionProperties) = preSolution
		HideSolutionNode = FALSE
	EndGlobalSection
	GlobalSection(ExtensibilityGlobals) = postSolution
		SolutionGuid = {9A002DF8-B623-4484-AC74-086EB8ED262B}
	EndGlobalSection
EndGlobal
