
Microsoft Visual Studio Solution File, Format Version 12.00
# Visual Studio Version 17
VisualStudioVersion = 17.5.33530.505
MinimumVisualStudioVersion = 10.0.40219.1
Project("{FAE04EC0-301F-11D3-BF4B-00C04F79EFBC}") = "Lists_StringSearch", "Lists_StringSearch.csproj", "{FEFF7C9F-BE9D-48A4-840B-AF9BC5BB53A5}"
EndProject
Global
	GlobalSection(SolutionConfigurationPlatforms) = preSolution
		Debug|Any CPU = Debug|Any CPU
		Release|Any CPU = Release|Any CPU
	EndGlobalSection
	GlobalSection(ProjectConfigurationPlatforms) = postSolution
		{FEFF7C9F-BE9D-48A4-840B-AF9BC5BB53A5}.Debug|Any CPU.ActiveCfg = Debug|Any CPU
		{FEFF7C9F-BE9D-48A4-840B-AF9BC5BB53A5}.Debug|Any CPU.Build.0 = Debug|Any CPU
		{FEFF7C9F-BE9D-48A4-840B-AF9BC5BB53A5}.Release|Any CPU.ActiveCfg = Release|Any CPU
		{FEFF7C9F-BE9D-48A4-840B-AF9BC5BB53A5}.Release|Any CPU.Build.0 = Release|Any CPU
	EndGlobalSection
	GlobalSection(SolutionProperties) = preSolution
		HideSolutionNode = FALSE
	EndGlobalSection
	GlobalSection(ExtensibilityGlobals) = postSolution
		SolutionGuid = {BC987F77-1045-4D70-A1B5-EA40CD607DC2}
	EndGlobalSection
EndGlobal
