
Microsoft Visual Studio Solution File, Format Version 12.00
# Visual Studio Version 17
VisualStudioVersion = 17.5.33530.505
MinimumVisualStudioVersion = 10.0.40219.1
Project("{FAE04EC0-301F-11D3-BF4B-00C04F79EFBC}") = "Arrays_VowelsFilter", "Arrays_VowelsFilter.csproj", "{4D43A5A1-0F3A-4025-A157-E949D0BBD235}"
EndProject
Global
	GlobalSection(SolutionConfigurationPlatforms) = preSolution
		Debug|Any CPU = Debug|Any CPU
		Release|Any CPU = Release|Any CPU
	EndGlobalSection
	GlobalSection(ProjectConfigurationPlatforms) = postSolution
		{4D43A5A1-0F3A-4025-A157-E949D0BBD235}.Debug|Any CPU.ActiveCfg = Debug|Any CPU
		{4D43A5A1-0F3A-4025-A157-E949D0BBD235}.Debug|Any CPU.Build.0 = Debug|Any CPU
		{4D43A5A1-0F3A-4025-A157-E949D0BBD235}.Release|Any CPU.ActiveCfg = Release|Any CPU
		{4D43A5A1-0F3A-4025-A157-E949D0BBD235}.Release|Any CPU.Build.0 = Release|Any CPU
	EndGlobalSection
	GlobalSection(SolutionProperties) = preSolution
		HideSolutionNode = FALSE
	EndGlobalSection
	GlobalSection(ExtensibilityGlobals) = postSolution
		SolutionGuid = {F108EE18-85B2-4F49-AB86-09906700B519}
	EndGlobalSection
EndGlobal
