
Microsoft Visual Studio Solution File, Format Version 12.00
# Visual Studio Version 17
VisualStudioVersion = 17.5.33530.505
MinimumVisualStudioVersion = 10.0.40219.1
Project("{FAE04EC0-301F-11D3-BF4B-00C04F79EFBC}") = "Functions_TempConverter", "Functions_TempConverter.csproj", "{89110FD7-7499-483F-908A-C2A15424409B}"
EndProject
Global
	GlobalSection(SolutionConfigurationPlatforms) = preSolution
		Debug|Any CPU = Debug|Any CPU
		Release|Any CPU = Release|Any CPU
	EndGlobalSection
	GlobalSection(ProjectConfigurationPlatforms) = postSolution
		{89110FD7-7499-483F-908A-C2A15424409B}.Debug|Any CPU.ActiveCfg = Debug|Any CPU
		{89110FD7-7499-483F-908A-C2A15424409B}.Debug|Any CPU.Build.0 = Debug|Any CPU
		{89110FD7-7499-483F-908A-C2A15424409B}.Release|Any CPU.ActiveCfg = Release|Any CPU
		{89110FD7-7499-483F-908A-C2A15424409B}.Release|Any CPU.Build.0 = Release|Any CPU
	EndGlobalSection
	GlobalSection(SolutionProperties) = preSolution
		HideSolutionNode = FALSE
	EndGlobalSection
	GlobalSection(ExtensibilityGlobals) = postSolution
		SolutionGuid = {FC79CCD2-4903-48C7-8D5A-9E900450868C}
	EndGlobalSection
EndGlobal
